{
  "name": "connect",
  "lockfileVersion": 3,
  "requires": true,
  "packages": {
    "": {
      "dependencies": {
        "@syncfusion/ej2-react-charts": "^28.2.9"
      }
    },
    "node_modules/@syncfusion/ej2-base": {
      "version": "28.2.9",
      "resolved": "https://registry.npmjs.org/@syncfusion/ej2-base/-/ej2-base-28.2.9.tgz",
      "integrity": "sha512-5SuvKgBpLT0MdYpUIztXpQqcMQvpIBnZXTf2IElj6XSnHZYv0zfnYvlY7R/tClEQYUQAvTUCSIGNf42jPo5C+A==",
      "license": "SEE LICENSE IN license",
      "dependencies": {
        "@syncfusion/ej2-icons": "~28.2.3"
      },
      "bin": {
        "syncfusion-license": "bin/syncfusion-license.js"
      }
    },
    "node_modules/@syncfusion/ej2-buttons": {
      "version": "28.2.7",
      "resolved": "https://registry.npmjs.org/@syncfusion/ej2-buttons/-/ej2-buttons-28.2.7.tgz",
      "integrity": "sha512-pHWwqvxmc97tNXPaMJpu5iUyZr0RUiIPwbqX9J97lfrt4KqUm6Zzoj9hvMR+ai+gE7cV1KstWrwjUY1H3zYunw==",
      "license": "SEE LICENSE IN license",
      "dependencies": {
        "@syncfusion/ej2-base": "~28.2.5"
      }
    },
    "node_modules/@syncfusion/ej2-calendars": {
      "version": "28.2.9",
      "resolved": "https://registry.npmjs.org/@syncfusion/ej2-calendars/-/ej2-calendars-28.2.9.tgz",
      "integrity": "sha512-KTIsdj5F5/paolNwZ9R3mCAKWlwSuAt8myu0yiig5WHLwUtHtOC66rtdBCjv/SkVdcd6C1G9Grd6tR9j0yMqhw==",
      "license": "SEE LICENSE IN license",
      "dependencies": {
        "@syncfusion/ej2-base": "~28.2.9",
        "@syncfusion/ej2-buttons": "~28.2.7",
        "@syncfusion/ej2-inputs": "~28.2.9",
        "@syncfusion/ej2-lists": "~28.2.3",
        "@syncfusion/ej2-popups": "~28.2.9"
      }
    },
    "node_modules/@syncfusion/ej2-charts": {
      "version": "28.2.9",
      "resolved": "https://registry.npmjs.org/@syncfusion/ej2-charts/-/ej2-charts-28.2.9.tgz",
      "integrity": "sha512-rKR1btGNFdWhmbpn8qT1DCi3vTMxKIJADP6x+ru7ab+0I6i+K0925gCkxQdsf+IBoakJrAnmb7LZ6TkApEGqOg==",
      "license": "SEE LICENSE IN license",
      "dependencies": {
        "@syncfusion/ej2-base": "~28.2.9",
        "@syncfusion/ej2-calendars": "~28.2.9",
        "@syncfusion/ej2-data": "~28.2.3",
        "@syncfusion/ej2-excel-export": "~28.2.3",
        "@syncfusion/ej2-navigations": "~28.2.6",
        "@syncfusion/ej2-pdf-export": "~28.2.3",
        "@syncfusion/ej2-svg-base": "~28.2.3"
      }
    },
    "node_modules/@syncfusion/ej2-compression": {
      "version": "28.2.3",
      "resolved": "https://registry.npmjs.org/@syncfusion/ej2-compression/-/ej2-compression-28.2.3.tgz",
      "integrity": "sha512-OG+qWn2fNT4CtLpBWAif5gvZsrnpPrgEcxNQlT6uQX6ntDHT5IUDHSdvpUypGmJM3cDdcaqK8qygcgWBbj9ceQ==",
      "license": "SEE LICENSE IN license",
      "dependencies": {
        "@syncfusion/ej2-file-utils": "~28.2.3"
      }
    },
    "node_modules/@syncfusion/ej2-data": {
      "version": "28.2.3",
      "resolved": "https://registry.npmjs.org/@syncfusion/ej2-data/-/ej2-data-28.2.3.tgz",
      "integrity": "sha512-qAZQRqtOp/LhKLznMflaXUefrrinNpqBQkIE49XiUK0WzTZB8bXXtPMI5qPjTfqNkbqM4DelNMEqvqSkAi1BKA==",
      "license": "SEE LICENSE IN license",
      "dependencies": {
        "@syncfusion/ej2-base": "~28.2.3"
      }
    },
    "node_modules/@syncfusion/ej2-excel-export": {
      "version": "28.2.3",
      "resolved": "https://registry.npmjs.org/@syncfusion/ej2-excel-export/-/ej2-excel-export-28.2.3.tgz",
      "integrity": "sha512-DgL6Jg7uKFJKB83EDU0WLMTYpJDCGXsgbJ59ODSHOW+go+3gCBK/A+NJ7eZdacVQ0kAUNhuXRaIyjTemDqK6WA==",
      "license": "SEE LICENSE IN license",
      "dependencies": {
        "@syncfusion/ej2-base": "~28.2.3",
        "@syncfusion/ej2-compression": "~28.2.3"
      }
    },
    "node_modules/@syncfusion/ej2-file-utils": {
      "version": "28.2.3",
      "resolved": "https://registry.npmjs.org/@syncfusion/ej2-file-utils/-/ej2-file-utils-28.2.3.tgz",
      "integrity": "sha512-5PDcBtUfKy+P9BPVIYisT8DdZ7hNXkF5UWeOgw8rzE9BshBdpIcxRdEyMkRgQfqIHf3E7AWqLxyT87XxUOti2A==",
      "license": "SEE LICENSE IN license"
    },
    "node_modules/@syncfusion/ej2-icons": {
      "version": "28.2.3",
      "resolved": "https://registry.npmjs.org/@syncfusion/ej2-icons/-/ej2-icons-28.2.3.tgz",
      "integrity": "sha512-lwDMbygU3y15jLkTCtvFb7dwfEtOVknjajYWnp+wmCJF14ZUwDEBuY1jCcpDcEd6mHkDdS5GFlpifdjZhh9jJA==",
      "license": "SEE LICENSE IN license"
    },
    "node_modules/@syncfusion/ej2-inputs": {
      "version": "28.2.9",
      "resolved": "https://registry.npmjs.org/@syncfusion/ej2-inputs/-/ej2-inputs-28.2.9.tgz",
      "integrity": "sha512-Y394wSPTvshwH1xQ+bjBR1YHdW2JW/KDJleTeFxz/pHRId+KXNWS37cFUqIMQ99BVvWT1Yy1vjXBj0Os5tX83Q==",
      "license": "SEE LICENSE IN license",
      "dependencies": {
        "@syncfusion/ej2-base": "~28.2.9",
        "@syncfusion/ej2-buttons": "~28.2.7",
        "@syncfusion/ej2-popups": "~28.2.9",
        "@syncfusion/ej2-splitbuttons": "~28.2.3"
      }
    },
    "node_modules/@syncfusion/ej2-lists": {
      "version": "28.2.3",
      "resolved": "https://registry.npmjs.org/@syncfusion/ej2-lists/-/ej2-lists-28.2.3.tgz",
      "integrity": "sha512-MB9ecuC0A3T6jwY6xIuHu5ZOtFcoNJGGCDWHiLRXH2OQWkeTsiGe0vjG2skTcrl0LXkinRAXo79RU1DaPFDB1Q==",
      "license": "SEE LICENSE IN license",
      "dependencies": {
        "@syncfusion/ej2-base": "~28.2.3",
        "@syncfusion/ej2-buttons": "~28.2.3",
        "@syncfusion/ej2-data": "~28.2.3",
        "@syncfusion/ej2-popups": "~28.2.3"
      }
    },
    "node_modules/@syncfusion/ej2-navigations": {
      "version": "28.2.6",
      "resolved": "https://registry.npmjs.org/@syncfusion/ej2-navigations/-/ej2-navigations-28.2.6.tgz",
      "integrity": "sha512-ThpjXVtntfapUX1ep0HvDDBHp5ERnRdRusBOuNONz74hiW23NnlOGjkSFZSJ1qctlpMAuwQXLej4oKikCAjL8w==",
      "license": "SEE LICENSE IN license",
      "dependencies": {
        "@syncfusion/ej2-base": "~28.2.5",
        "@syncfusion/ej2-buttons": "~28.2.6",
        "@syncfusion/ej2-data": "~28.2.3",
        "@syncfusion/ej2-inputs": "~28.2.3",
        "@syncfusion/ej2-lists": "~28.2.3",
        "@syncfusion/ej2-popups": "~28.2.6"
      }
    },
    "node_modules/@syncfusion/ej2-pdf-export": {
      "version": "28.2.3",
      "resolved": "https://registry.npmjs.org/@syncfusion/ej2-pdf-export/-/ej2-pdf-export-28.2.3.tgz",
      "integrity": "sha512-bYvzVG4NZNhZv0juHJwJ56DfJ+Yc/mS3xJen2YJu6AcumTET1MMTG1IrlFvzLffwGvdDddXVZNgbNkVXJS3Fug==",
      "license": "SEE LICENSE IN license",
      "dependencies": {
        "@syncfusion/ej2-compression": "~28.2.3"
      }
    },
    "node_modules/@syncfusion/ej2-popups": {
      "version": "28.2.9",
      "resolved": "https://registry.npmjs.org/@syncfusion/ej2-popups/-/ej2-popups-28.2.9.tgz",
      "integrity": "sha512-yhqUlhXOAL4WQHjqAFcqjnCxWsflya0uSfHqxkSXdyoaEvAlc0KsKop5nn7HyB1OqLQbSkBH7pn9yJd6QJYYkw==",
      "license": "SEE LICENSE IN license",
      "dependencies": {
        "@syncfusion/ej2-base": "~28.2.9",
        "@syncfusion/ej2-buttons": "~28.2.7"
      }
    },
    "node_modules/@syncfusion/ej2-react-base": {
      "version": "28.2.7",
      "resolved": "https://registry.npmjs.org/@syncfusion/ej2-react-base/-/ej2-react-base-28.2.7.tgz",
      "integrity": "sha512-SWZ26XO6kF9p2MNpUnj6fUozy4p/XMnQOAdlxCnjxh3JuphCQ/Sd1sUOUHdANuLIy7e3lohOGzdfxq4yYnxgsg==",
      "license": "SEE LICENSE IN license",
      "dependencies": {
        "@syncfusion/ej2-base": "~28.2.5"
      }
    },
    "node_modules/@syncfusion/ej2-react-charts": {
      "version": "28.2.9",
      "resolved": "https://registry.npmjs.org/@syncfusion/ej2-react-charts/-/ej2-react-charts-28.2.9.tgz",
      "integrity": "sha512-I/rdaJ0CAEFqyftahacsWwjHk2fGcf4w0MFZ4oEt+n4ilno0aq+6pLIZrHgkZ6twr+zEpLMcINTPS3hmXEMdMA==",
      "license": "SEE LICENSE IN license",
      "dependencies": {
        "@syncfusion/ej2-base": "~28.2.9",
        "@syncfusion/ej2-charts": "28.2.9",
        "@syncfusion/ej2-react-base": "~28.2.7"
      }
    },
    "node_modules/@syncfusion/ej2-splitbuttons": {
      "version": "28.2.3",
      "resolved": "https://registry.npmjs.org/@syncfusion/ej2-splitbuttons/-/ej2-splitbuttons-28.2.3.tgz",
      "integrity": "sha512-8PWYWo+kZgV2JfPkqe6riToKO7blxNBFMo083HdbaE2z76gKkB1Eg3JNCJU2NIqlsb8eZX1eBHd6JoUbTEkgow==",
      "license": "SEE LICENSE IN license",
      "dependencies": {
        "@syncfusion/ej2-base": "~28.2.3",
        "@syncfusion/ej2-popups": "~28.2.3"
      }
    },
    "node_modules/@syncfusion/ej2-svg-base": {
      "version": "28.2.3",
      "resolved": "https://registry.npmjs.org/@syncfusion/ej2-svg-base/-/ej2-svg-base-28.2.3.tgz",
      "integrity": "sha512-G5ZLzumZOuKHiZTtpnadRHMUuqTbq8dwpl8QCMo8zzW+VtmEMNG5+0OAwR1V0tjPTsFFHDGEVFjmAFhVOxZKJA==",
      "license": "SEE LICENSE IN license",
      "dependencies": {
        "@syncfusion/ej2-base": "~28.2.3"
      }
    }
  }
}
